// !$*UTF8*$!
{
	archiveVersion = 1;
	classes = {
	};
	objectVersion = 50;
	objects = {

/* Begin PBXBuildFile section */
		3EE78797264401EE00F44B15 /* AppDelegate.swift in Sources */ = {isa = PBXBuildFile; fileRef = 3EE78796264401EE00F44B15 /* AppDelegate.swift */; };
		3EE78799264401EE00F44B15 /* SceneDelegate.swift in Sources */ = {isa = PBXBuildFile; fileRef = 3EE78798264401EE00F44B15 /* SceneDelegate.swift */; };
		3EE7879B264401EE00F44B15 /* ViewController.swift in Sources */ = {isa = PBXBuildFile; fileRef = 3EE7879A264401EE00F44B15 /* ViewController.swift */; };
		3EE7879E264401EE00F44B15 /* Main.storyboard in Resources */ = {isa = PBXBuildFile; fileRef = 3EE7879C264401EE00F44B15 /* Main.storyboard */; };
		3EE787A0264401F000F44B15 /* Assets.xcassets in Resources */ = {isa = PBXBuildFile; fileRef = 3EE7879F264401F000F44B15 /* Assets.xcassets */; };
		3EE787A3264401F000F44B15 /* LaunchScreen.storyboard in Resources */ = {isa = PBXBuildFile; fileRef = 3EE787A1264401F000F44B15 /* LaunchScreen.storyboard */; };
		3EE787AE264401F000F44B15 /* TableAppiTests.swift in Sources */ = {isa = PBXBuildFile; fileRef = 3EE787AD264401F000F44B15 /* TableAppiTests.swift */; };
		3EE787B9264401F000F44B15 /* TableAppiUITests.swift in Sources */ = {isa = PBXBuildFile; fileRef = 3EE787B8264401F000F44B15 /* TableAppiUITests.swift */; };
/* End PBXBuildFile section */

/* Begin PBXContainerItemProxy section */
		3EE787AA264401F000F44B15 /* PBXContainerItemProxy */ = {
			isa = PBXContainerItemProxy;
			containerPortal = 3EE7878B264401EE00F44B15 /* Project object */;
			proxyType = 1;
			remoteGlobalIDString = 3EE78792264401EE00F44B15;
			remoteInfo = TableAppi;
		};
		3EE787B5264401F000F44B15 /* PBXContainerItemProxy */ = {
			isa = PBXContainerItemProxy;
			containerPortal = 3EE7878B264401EE00F44B15 /* Project object */;
			proxyType = 1;
			remoteGlobalIDString = 3EE78792264401EE00F44B15;
			remoteInfo = TableAppi;
		};
/* End PBXContainerItemProxy section */

/* Begin PBXFileReference section */
		3EE78793264401EE00F44B15 /* TableAppi.app */ = {isa = PBXFileReference; explicitFileType = wrapper.application; includeInIndex = 0; path = TableAppi.app; sourceTree = BUILT_PRODUCTS_DIR; };
		3EE78796264401EE00F44B15 /* AppDelegate.swift */ = {isa = PBXFileReference; lastKnownFileType = sourcecode.swift; path = AppDelegate.swift; sourceTree = "<group>"; };
		3EE78798264401EE00F44B15 /* SceneDelegate.swift */ = {isa = PBXFileReference; lastKnownFileType = sourcecode.swift; path = SceneDelegate.swift; sourceTree = "<group>"; };
		3EE7879A264401EE00F44B15 /* ViewController.swift */ = {isa = PBXFileReference; lastKnownFileType = sourcecode.swift; path = ViewController.swift; sourceTree = "<group>"; };
		3EE7879D264401EE00F44B15 /* Base */ = {isa = PBXFileReference; lastKnownFileType = file.storyboard; name = Base; path = Base.lproj/Main.storyboard; sourceTree = "<group>"; };
		3EE7879F264401F000F44B15 /* Assets.xcassets */ = {isa = PBXFileReference; lastKnownFileType = folder.assetcatalog; path = Assets.xcassets; sourceTree = "<group>"; };
		3EE787A2264401F000F44B15 /* Base */ = {isa = PBXFileReference; lastKnownFileType = file.storyboard; name = Base; path = Base.lproj/LaunchScreen.storyboard; sourceTree = "<group>"; };
		3EE787A4264401F000F44B15 /* Info.plist */ = {isa = PBXFileReference; lastKnownFileType = text.plist.xml; path = Info.plist; sourceTree = "<group>"; };
		3EE787A9264401F000F44B15 /* TableAppiTests.xctest */ = {isa = PBXFileReference; explicitFileType = wrapper.cfbundle; includeInIndex = 0; path = TableAppiTests.xctest; sourceTree = BUILT_PRODUCTS_DIR; };
		3EE787AD264401F000F44B15 /* TableAppiTests.swift */ = {isa = PBXFileReference; lastKnownFileType = sourcecode.swift; path = TableAppiTests.swift; sourceTree = "<group>"; };
		3EE787AF264401F000F44B15 /* Info.plist */ = {isa = PBXFileReference; lastKnownFileType = text.plist.xml; path = Info.plist; sourceTree = "<group>"; };
		3EE787B4264401F000F44B15 /* TableAppiUITests.xctest */ = {isa = PBXFileReference; explicitFileType = wrapper.cfbundle; includeInIndex = 0; path = TableAppiUITests.xctest; sourceTree = BUILT_PRODUCTS_DIR; };
		3EE787B8264401F000F44B15 /* TableAppiUITests.swift */ = {isa = PBXFileReference; lastKnownFileType = sourcecode.swift; path = TableAppiUITests.swift; sourceTree = "<group>"; };
		3EE787BA264401F000F44B15 /* Info.plist */ = {isa = PBXFileReference; lastKnownFileType = text.plist.xml; path = Info.plist; sourceTree = "<group>"; };
/* End PBXFileReference section */

/* Begin PBXFrameworksBuildPhase section */
		3EE78790264401EE00F44B15 /* Frameworks */ = {
			isa = PBXFrameworksBuildPhase;
			buildActionMask = 2147483647;
			files = (
			);
			runOnlyForDeploymentPostprocessing = 0;
		};
		3EE787A6264401F000F44B15 /* Frameworks */ = {
			isa = PBXFrameworksBuildPhase;
			buildActionMask = 2147483647;
			files = (
			);
			runOnlyForDeploymentPostprocessing = 0;
		};
		3EE787B1264401F000F44B15 /* Frameworks */ = {
			isa = PBXFrameworksBuildPhase;
			buildActionMask = 2147483647;
			files = (
			);
			runOnlyForDeploymentPostprocessing = 0;
		};
/* End PBXFrameworksBuildPhase section */

/* Begin PBXGroup section */
		3EE7878A264401EE00F44B15 = {
			isa = PBXGroup;
			children = (
				3EE78795264401EE00F44B15 /* TableAppi */,
				3EE787AC264401F000F44B15 /* TableAppiTests */,
				3EE787B7264401F000F44B15 /* TableAppiUITests */,
				3EE78794264401EE00F44B15 /* Products */,
			);
			sourceTree = "<group>";
		};
		3EE78794264401EE00F44B15 /* Products */ = {
			isa = PBXGroup;
			children = (
				3EE78793264401EE00F44B15 /* TableAppi.app */,
				3EE787A9264401F000F44B15 /* TableAppiTests.xctest */,
				3EE787B4264401F000F44B15 /* TableAppiUITests.xctest */,
			);
			name = Products;
			sourceTree = "<group>";
		};
		3EE78795264401EE00F44B15 /* TableAppi */ = {
			isa = PBXGroup;
			children = (
				3EE78796264401EE00F44B15 /* AppDelegate.swift */,
				3EE78798264401EE00F44B15 /* SceneDelegate.swift */,
				3EE7879A264401EE00F44B15 /* ViewController.swift */,
				3EE7879C264401EE00F44B15 /* Main.storyboard */,
				3EE7879F264401F000F44B15 /* Assets.xcassets */,
				3EE787A1264401F000F44B15 /* LaunchScreen.storyboard */,
				3EE787A4264401F000F44B15 /* Info.plist */,
			);
			path = TableAppi;
			sourceTree = "<group>";
		};
		3EE787AC264401F000F44B15 /* TableAppiTests */ = {
			isa = PBXGroup;
			children = (
				3EE787AD264401F000F44B15 /* TableAppiTests.swift */,
				3EE787AF264401F000F44B15 /* Info.plist */,
			);
			path = TableAppiTests;
			sourceTree = "<group>";
		};
		3EE787B7264401F000F44B15 /* TableAppiUITests */ = {
			isa = PBXGroup;
			children = (
				3EE787B8264401F000F44B15 /* TableAppiUITests.swift */,
				3EE787BA264401F000F44B15 /* Info.plist */,
			);
			path = TableAppiUITests;
			sourceTree = "<group>";
		};
/* End PBXGroup section */

/* Begin PBXNativeTarget section */
		3EE78792264401EE00F44B15 /* TableAppi */ = {
			isa = PBXNativeTarget;
			buildConfigurationList = 3EE787BD264401F000F44B15 /* Build configuration list for PBXNativeTarget "TableAppi" */;
			buildPhases = (
				3EE7878F264401EE00F44B15 /* Sources */,
				3EE78790264401EE00F44B15 /* Frameworks */,
				3EE78791264401EE00F44B15 /* Resources */,
			);
			buildRules = (
			);
			dependencies = (
			);
			name = TableAppi;
			productName = TableAppi;
			productReference = 3EE78793264401EE00F44B15 /* TableAppi.app */;
			productType = "com.apple.product-type.application";
		};
		3EE787A8264401F000F44B15 /* TableAppiTests */ = {
			isa = PBXNativeTarget;
			buildConfigurationList = 3EE787C0264401F000F44B15 /* Build configuration list for PBXNativeTarget "TableAppiTests" */;
			buildPhases = (
				3EE787A5264401F000F44B15 /* Sources */,
				3EE787A6264401F000F44B15 /* Frameworks */,
				3EE787A7264401F000F44B15 /* Resources */,
			);
			buildRules = (
			);
			dependencies = (
				3EE787AB264401F000F44B15 /* PBXTargetDependency */,
			);
			name = TableAppiTests;
			productName = TableAppiTests;
			productReference = 3EE787A9264401F000F44B15 /* TableAppiTests.xctest */;
			productType = "com.apple.product-type.bundle.unit-test";
		};
		3EE787B3264401F000F44B15 /* TableAppiUITests */ = {
			isa = PBXNativeTarget;
			buildConfigurationList = 3EE787C3264401F000F44B15 /* Build configuration list for PBXNativeTarget "TableAppiUITests" */;
			buildPhases = (
				3EE787B0264401F000F44B15 /* Sources */,
				3EE787B1264401F000F44B15 /* Frameworks */,
				3EE787B2264401F000F44B15 /* Resources */,
			);
			buildRules = (
			);
			dependencies = (
				3EE787B6264401F000F44B15 /* PBXTargetDependency */,
			);
			name = TableAppiUITests;
			productName = TableAppiUITests;
			productReference = 3EE787B4264401F000F44B15 /* TableAppiUITests.xctest */;
			productType = "com.apple.product-type.bundle.ui-testing";
		};
/* End PBXNativeTarget section */

/* Begin PBXProject section */
		3EE7878B264401EE00F44B15 /* Project object */ = {
			isa = PBXProject;
			attributes = {
				LastSwiftUpdateCheck = 1240;
				LastUpgradeCheck = 1240;
				TargetAttributes = {
					3EE78792264401EE00F44B15 = {
						CreatedOnToolsVersion = 12.4;
					};
					3EE787A8264401F000F44B15 = {
						CreatedOnToolsVersion = 12.4;
						TestTargetID = 3EE78792264401EE00F44B15;
					};
					3EE787B3264401F000F44B15 = {
						CreatedOnToolsVersion = 12.4;
						TestTargetID = 3EE78792264401EE00F44B15;
					};
				};
			};
			buildConfigurationList = 3EE7878E264401EE00F44B15 /* Build configuration list for PBXProject "TableAppi" */;
			compatibilityVersion = "Xcode 9.3";
			developmentRegion = en;
			hasScannedForEncodings = 0;
			knownRegions = (
				en,
				Base,
			);
			mainGroup = 3EE7878A264401EE00F44B15;
			productRefGroup = 3EE78794264401EE00F44B15 /* Products */;
			projectDirPath = "";
			projectRoot = "";
			targets = (
				3EE78792264401EE00F44B15 /* TableAppi */,
				3EE787A8264401F000F44B15 /* TableAppiTests */,
				3EE787B3264401F000F44B15 /* TableAppiUITests */,
			);
		};
/* End PBXProject section */

/* Begin PBXResourcesBuildPhase section */
		3EE78791264401EE00F44B15 /* Resources */ = {
			isa = PBXResourcesBuildPhase;
			buildActionMask = 2147483647;
			files = (
				3EE787A3264401F000F44B15 /* LaunchScreen.storyboard in Resources */,
				3EE787A0264401F000F44B15 /* Assets.xcassets in Resources */,
				3EE7879E264401EE00F44B15 /* Main.storyboard in Resources */,
			);
			runOnlyForDeploymentPostprocessing = 0;
		};
		3EE787A7264401F000F44B15 /* Resources */ = {
			isa = PBXResourcesBuildPhase;
			buildActionMask = 2147483647;
			files = (
			);
			runOnlyForDeploymentPostprocessing = 0;
		};
		3EE787B2264401F000F44B15 /* Resources */ = {
			isa = PBXResourcesBuildPhase;
			buildActionMask = 2147483647;
			files = (
			);
			runOnlyForDeploymentPostprocessing = 0;
		};
/* End PBXResourcesBuildPhase section */

/* Begin PBXSourcesBuildPhase section */
		3EE7878F264401EE00F44B15 /* Sources */ = {
			isa = PBXSourcesBuildPhase;
			buildActionMask = 2147483647;
			files = (
				3EE7879B264401EE00F44B15 /* ViewController.swift in Sources */,
				3EE78797264401EE00F44B15 /* AppDelegate.swift in Sources */,
				3EE78799264401EE00F44B15 /* SceneDelegate.swift in Sources */,
			);
			runOnlyForDeploymentPostprocessing = 0;
		};
		3EE787A5264401F000F44B15 /* Sources */ = {
			isa = PBXSourcesBuildPhase;
			buildActionMask = 2147483647;
			files = (
				3EE787AE264401F000F44B15 /* TableAppiTests.swift in Sources */,
			);
			runOnlyForDeploymentPostprocessing = 0;
		};
		3EE787B0264401F000F44B15 /* Sources */ = {
			isa = PBXSourcesBuildPhase;
			buildActionMask = 2147483647;
			files = (
				3EE787B9264401F000F44B15 /* TableAppiUITests.swift in Sources */,
			);
			runOnlyForDeploymentPostprocessing = 0;
		};
/* End PBXSourcesBuildPhase section */

/* Begin PBXTargetDependency section */
		3EE787AB264401F000F44B15 /* PBXTargetDependency */ = {
			isa = PBXTargetDependency;
			target = 3EE78792264401EE00F44B15 /* TableAppi */;
			targetProxy = 3EE787AA264401F000F44B15 /* PBXContainerItemProxy */;
		};
		3EE787B6264401F000F44B15 /* PBXTargetDependency */ = {
			isa = PBXTargetDependency;
			target = 3EE78792264401EE00F44B15 /* TableAppi */;
			targetProxy = 3EE787B5264401F000F44B15 /* PBXContainerItemProxy */;
		};
/* End PBXTargetDependency section */

/* Begin PBXVariantGroup section */
		3EE7879C264401EE00F44B15 /* Main.storyboard */ = {
			isa = PBXVariantGroup;
			children = (
				3EE7879D264401EE00F44B15 /* Base */,
			);
			name = Main.storyboard;
			sourceTree = "<group>";
		};
		3EE787A1264401F000F44B15 /* LaunchScreen.storyboard */ = {
			isa = PBXVariantGroup;
			children = (
				3EE787A2264401F000F44B15 /* Base */,
			);
			name = LaunchScreen.storyboard;
			sourceTree = "<group>";
		};
/* End PBXVariantGroup section */

/* Begin XCBuildConfiguration section */
		3EE787BB264401F000F44B15 /* Debug */ = {
			isa = XCBuildConfiguration;
			buildSettings = {
				ALWAYS_SEARCH_USER_PATHS = NO;
				CLANG_ANALYZER_NONNULL = YES;
				CLANG_ANALYZER_NUMBER_OBJECT_CONVERSION = YES_AGGRESSIVE;
				CLANG_CXX_LANGUAGE_STANDARD = "gnu++14";
				CLANG_CXX_LIBRARY = "libc++";
				CLANG_ENABLE_MODULES = YES;
				CLANG_ENABLE_OBJC_ARC = YES;
				CLANG_ENABLE_OBJC_WEAK = YES;
				CLANG_WARN_BLOCK_CAPTURE_AUTORELEASING = YES;
				CLANG_WARN_BOOL_CONVERSION = YES;
				CLANG_WARN_COMMA = YES;
				CLANG_WARN_CONSTANT_CONVERSION = YES;
				CLANG_WARN_DEPRECATED_OBJC_IMPLEMENTATIONS = YES;
				CLANG_WARN_DIRECT_OBJC_ISA_USAGE = YES_ERROR;
				CLANG_WARN_DOCUMENTATION_COMMENTS = YES;
				CLANG_WARN_EMPTY_BODY = YES;
				CLANG_WARN_ENUM_CONVERSION = YES;
				CLANG_WARN_INFINITE_RECURSION = YES;
				CLANG_WARN_INT_CONVERSION = YES;
				CLANG_WARN_NON_LITERAL_NULL_CONVERSION = YES;
				CLANG_WARN_OBJC_IMPLICIT_RETAIN_SELF = YES;
				CLANG_WARN_OBJC_LITERAL_CONVERSION = YES;
				CLANG_WARN_OBJC_ROOT_CLASS = YES_ERROR;
				CLANG_WARN_QUOTED_INCLUDE_IN_FRAMEWORK_HEADER = YES;
				CLANG_WARN_RANGE_LOOP_ANALYSIS = YES;
				CLANG_WARN_STRICT_PROTOTYPES = YES;
				CLANG_WARN_SUSPICIOUS_MOVE = YES;
				CLANG_WARN_UNGUARDED_AVAILABILITY = YES_AGGRESSIVE;
				CLANG_WARN_UNREACHABLE_CODE = YES;
				CLANG_WARN__DUPLICATE_METHOD_MATCH = YES;
				COPY_PHASE_STRIP = NO;
				DEBUG_INFORMATION_FORMAT = dwarf;
				ENABLE_STRICT_OBJC_MSGSEND = YES;
				ENABLE_TESTABILITY = YES;
				GCC_C_LANGUAGE_STANDARD = gnu11;
				GCC_DYNAMIC_NO_PIC = NO;
				GCC_NO_COMMON_BLOCKS = YES;
				GCC_OPTIMIZATION_LEVEL = 0;
				GCC_PREPROCESSOR_DEFINITIONS = (
					"DEBUG=1",
					"$(inherited)",
				);
				GCC_WARN_64_TO_32_BIT_CONVERSION = YES;
				GCC_WARN_ABOUT_RETURN_TYPE = YES_ERROR;
				GCC_WARN_UNDECLARED_SELECTOR = YES;
				GCC_WARN_UNINITIALIZED_AUTOS = YES_AGGRESSIVE;
				GCC_WARN_UNUSED_FUNCTION = YES;
				GCC_WARN_UNUSED_VARIABLE = YES;
				IPHONEOS_DEPLOYMENT_TARGET = 14.4;
				MTL_ENABLE_DEBUG_INFO = INCLUDE_SOURCE;
				MTL_FAST_MATH = YES;
				ONLY_ACTIVE_ARCH = YES;
				SDKROOT = iphoneos;
				SWIFT_ACTIVE_COMPILATION_CONDITIONS = DEBUG;
				SWIFT_OPTIMIZATION_LEVEL = "-Onone";
			};
			name = Debug;
		};
		3EE787BC264401F000F44B15 /* Release */ = {
			isa = XCBuildConfiguration;
			buildSettings = {
				ALWAYS_SEARCH_USER_PATHS = NO;
				CLANG_ANALYZER_NONNULL = YES;
				CLANG_ANALYZER_NUMBER_OBJECT_CONVERSION = YES_AGGRESSIVE;
				CLANG_CXX_LANGUAGE_STANDARD = "gnu++14";
				CLANG_CXX_LIBRARY = "libc++";
				CLANG_ENABLE_MODULES = YES;
				CLANG_ENABLE_OBJC_ARC = YES;
				CLANG_ENABLE_OBJC_WEAK = YES;
				CLANG_WARN_BLOCK_CAPTURE_AUTORELEASING = YES;
				CLANG_WARN_BOOL_CONVERSION = YES;
				CLANG_WARN_COMMA = YES;
				CLANG_WARN_CONSTANT_CONVERSION = YES;
				CLANG_WARN_DEPRECATED_OBJC_IMPLEMENTATIONS = YES;
				CLANG_WARN_DIRECT_OBJC_ISA_USAGE = YES_ERROR;
				CLANG_WARN_DOCUMENTATION_COMMENTS = YES;
				CLANG_WARN_EMPTY_BODY = YES;
				CLANG_WARN_ENUM_CONVERSION = YES;
				CLANG_WARN_INFINITE_RECURSION = YES;
				CLANG_WARN_INT_CONVERSION = YES;
				CLANG_WARN_NON_LITERAL_NULL_CONVERSION = YES;
				CLANG_WARN_OBJC_IMPLICIT_RETAIN_SELF = YES;
				CLANG_WARN_OBJC_LITERAL_CONVERSION = YES;
				CLANG_WARN_OBJC_ROOT_CLASS = YES_ERROR;
				CLANG_WARN_QUOTED_INCLUDE_IN_FRAMEWORK_HEADER = YES;
				CLANG_WARN_RANGE_LOOP_ANALYSIS = YES;
				CLANG_WARN_STRICT_PROTOTYPES = YES;
				CLANG_WARN_SUSPICIOUS_MOVE = YES;
				CLANG_WARN_UNGUARDED_AVAILABILITY = YES_AGGRESSIVE;
				CLANG_WARN_UNREACHABLE_CODE = YES;
				CLANG_WARN__DUPLICATE_METHOD_MATCH = YES;
				COPY_PHASE_STRIP = NO;
				DEBUG_INFORMATION_FORMAT = "dwarf-with-dsym";
				ENABLE_NS_ASSERTIONS = NO;
				ENABLE_STRICT_OBJC_MSGSEND = YES;
				GCC_C_LANGUAGE_STANDARD = gnu11;
				GCC_NO_COMMON_BLOCKS = YES;
				GCC_WARN_64_TO_32_BIT_CONVERSION = YES;
				GCC_WARN_ABOUT_RETURN_TYPE = YES_ERROR;
				GCC_WARN_UNDECLARED_SELECTOR = YES;
				GCC_WARN_UNINITIALIZED_AUTOS = YES_AGGRESSIVE;
				GCC_WARN_UNUSED_FUNCTION = YES;
				GCC_WARN_UNUSED_VARIABLE = YES;
				IPHONEOS_DEPLOYMENT_TARGET = 14.4;
				MTL_ENABLE_DEBUG_INFO = NO;
				MTL_FAST_MATH = YES;
				SDKROOT = iphoneos;
				SWIFT_COMPILATION_MODE = wholemodule;
				SWIFT_OPTIMIZATION_LEVEL = "-O";
				VALIDATE_PRODUCT = YES;
			};
			name = Release;
		};
		3EE787BE264401F000F44B15 /* Debug */ = {
			isa = XCBuildConfiguration;
			buildSettings = {
				ASSETCATALOG_COMPILER_APPICON_NAME = AppIcon;
				ASSETCATALOG_COMPILER_GLOBAL_ACCENT_COLOR_NAME = AccentColor;
				CODE_SIGN_STYLE = Automatic;
				DEVELOPMENT_TEAM = TP7MZJ6DK2;
				INFOPLIST_FILE = TableAppi/Info.plist;
				LD_RUNPATH_SEARCH_PATHS = (
					"$(inherited)",
					"@executable_path/Frameworks",
				);
				PRODUCT_BUNDLE_IDENTIFIER = shamilteam.TableAppi;
				PRODUCT_NAME = "$(TARGET_NAME)";
				SWIFT_VERSION = 5.0;
				TARGETED_DEVICE_FAMILY = "1,2";
			};
			name = Debug;
		};
		3EE787BF264401F000F44B15 /* Release */ = {
			isa = XCBuildConfiguration;
			buildSettings = {
				ASSETCATALOG_COMPILER_APPICON_NAME = AppIcon;
				ASSETCATALOG_COMPILER_GLOBAL_ACCENT_COLOR_NAME = AccentColor;
				CODE_SIGN_STYLE = Automatic;
				DEVELOPMENT_TEAM = TP7MZJ6DK2;
				INFOPLIST_FILE = TableAppi/Info.plist;
				LD_RUNPATH_SEARCH_PATHS = (
					"$(inherited)",
					"@executable_path/Frameworks",
				);
				PRODUCT_BUNDLE_IDENTIFIER = shamilteam.TableAppi;
				PRODUCT_NAME = "$(TARGET_NAME)";
				SWIFT_VERSION = 5.0;
				TARGETED_DEVICE_FAMILY = "1,2";
			};
			name = Release;
		};
		3EE787C1264401F000F44B15 /* Debug */ = {
			isa = XCBuildConfiguration;
			buildSettings = {
				ALWAYS_EMBED_SWIFT_STANDARD_LIBRARIES = YES;
				BUNDLE_LOADER = "$(TEST_HOST)";
				CODE_SIGN_STYLE = Automatic;
				DEVELOPMENT_TEAM = TP7MZJ6DK2;
				INFOPLIST_FILE = TableAppiTests/Info.plist;
				IPHONEOS_DEPLOYMENT_TARGET = 14.4;
				LD_RUNPATH_SEARCH_PATHS = (
					"$(inherited)",
					"@executable_path/Frameworks",
					"@loader_path/Frameworks",
				);
				PRODUCT_BUNDLE_IDENTIFIER = shamilteam.TableAppiTests;
				PRODUCT_NAME = "$(TARGET_NAME)";
				SWIFT_VERSION = 5.0;
				TARGETED_DEVICE_FAMILY = "1,2";
				TEST_HOST = "$(BUILT_PRODUCTS_DIR)/TableAppi.app/TableAppi";
			};
			name = Debug;
		};
		3EE787C2264401F000F44B15 /* Release */ = {
			isa = XCBuildConfiguration;
			buildSettings = {
				ALWAYS_EMBED_SWIFT_STANDARD_LIBRARIES = YES;
				BUNDLE_LOADER = "$(TEST_HOST)";
				CODE_SIGN_STYLE = Automatic;
				DEVELOPMENT_TEAM = TP7MZJ6DK2;
				INFOPLIST_FILE = TableAppiTests/Info.plist;
				IPHONEOS_DEPLOYMENT_TARGET = 14.4;
				LD_RUNPATH_SEARCH_PATHS = (
					"$(inherited)",
					"@executable_path/Frameworks",
					"@loader_path/Frameworks",
				);
				PRODUCT_BUNDLE_IDENTIFIER = shamilteam.TableAppiTests;
				PRODUCT_NAME = "$(TARGET_NAME)";
				SWIFT_VERSION = 5.0;
				TARGETED_DEVICE_FAMILY = "1,2";
				TEST_HOST = "$(BUILT_PRODUCTS_DIR)/TableAppi.app/TableAppi";
			};
			name = Release;
		};
		3EE787C4264401F000F44B15 /* Debug */ = {
			isa = XCBuildConfiguration;
			buildSettings = {
				ALWAYS_EMBED_SWIFT_STANDARD_LIBRARIES = YES;
				CODE_SIGN_STYLE = Automatic;
				DEVELOPMENT_TEAM = TP7MZJ6DK2;
				INFOPLIST_FILE = TableAppiUITests/Info.plist;
				LD_RUNPATH_SEARCH_PATHS = (
					"$(inherited)",
					"@executable_path/Frameworks",
					"@loader_path/Frameworks",
				);
				PRODUCT_BUNDLE_IDENTIFIER = shamilteam.TableAppiUITests;
				PRODUCT_NAME = "$(TARGET_NAME)";
				SWIFT_VERSION = 5.0;
				TARGETED_DEVICE_FAMILY = "1,2";
				TEST_TARGET_NAME = TableAppi;
			};
			name = Debug;
		};
		3EE787C5264401F000F44B15 /* Release */ = {
			isa = XCBuildConfiguration;
			buildSettings = {
				ALWAYS_EMBED_SWIFT_STANDARD_LIBRARIES = YES;
				CODE_SIGN_STYLE = Automatic;
				DEVELOPMENT_TEAM = TP7MZJ6DK2;
				INFOPLIST_FILE = TableAppiUITests/Info.plist;
				LD_RUNPATH_SEARCH_PATHS = (
					"$(inherited)",
					"@executable_path/Frameworks",
					"@loader_path/Frameworks",
				);
				PRODUCT_BUNDLE_IDENTIFIER = shamilteam.TableAppiUITests;
				PRODUCT_NAME = "$(TARGET_NAME)";
				SWIFT_VERSION = 5.0;
				TARGETED_DEVICE_FAMILY = "1,2";
				TEST_TARGET_NAME = TableAppi;
			};
			name = Release;
		};
/* End XCBuildConfiguration section */

/* Begin XCConfigurationList section */
		3EE7878E264401EE00F44B15 /* Build configuration list for PBXProject "TableAppi" */ = {
			isa = XCConfigurationList;
			buildConfigurations = (
				3EE787BB264401F000F44B15 /* Debug */,
				3EE787BC264401F000F44B15 /* Release */,
			);
			defaultConfigurationIsVisible = 0;
			defaultConfigurationName = Release;
		};
		3EE787BD264401F000F44B15 /* Build configuration list for PBXNativeTarget "TableAppi" */ = {
			isa = XCConfigurationList;
			buildConfigurations = (
				3EE787BE264401F000F44B15 /* Debug */,
				3EE787BF264401F000F44B15 /* Release */,
			);
			defaultConfigurationIsVisible = 0;
			defaultConfigurationName = Release;
		};
		3EE787C0264401F000F44B15 /* Build configuration list for PBXNativeTarget "TableAppiTests" */ = {
			isa = XCConfigurationList;
			buildConfigurations = (
				3EE787C1264401F000F44B15 /* Debug */,
				3EE787C2264401F000F44B15 /* Release */,
			);
			defaultConfigurationIsVisible = 0;
			defaultConfigurationName = Release;
		};
		3EE787C3264401F000F44B15 /* Build configuration list for PBXNativeTarget "TableAppiUITests" */ = {
			isa = XCConfigurationList;
			buildConfigurations = (
				3EE787C4264401F000F44B15 /* Debug */,
				3EE787C5264401F000F44B15 /* Release */,
			);
			defaultConfigurationIsVisible = 0;
			defaultConfigurationName = Release;
		};
/* End XCConfigurationList section */
	};
	rootObject = 3EE7878B264401EE00F44B15 /* Project object */;
}
